
Microsoft Visual Studio Solution File, Format Version 11.00
# Visual Studio 2010
Project("{FAE04EC0-301F-11D3-BF4B-00C04F79EFBC}") = "Unity.Splines.Examples", "Unity.Splines.Examples.csproj", "{ef8918f7-a731-40f3-f5e8-93fd912caff9}"
EndProject
Project("{FAE04EC0-301F-11D3-BF4B-00C04F79EFBC}") = "Unity.Splines.Examples.Editor", "Unity.Splines.Examples.Editor.csproj", "{53de1c36-128c-3d89-3c45-d0939099d780}"
EndProject
Project("{FAE04EC0-301F-11D3-BF4B-00C04F79EFBC}") = "Assembly-CSharp", "Assembly-CSharp.csproj", "{294ef0cd-54ea-2640-12e9-9534186e3a19}"
EndProject
Global
	GlobalSection(SolutionConfigurationPlatforms) = preSolution
		Debug|Any CPU = Debug|Any CPU
	EndGlobalSection
	GlobalSection(ProjectConfigurationPlatforms) = postSolution
		{ef8918f7-a731-40f3-f5e8-93fd912caff9}.Debug|Any CPU.ActiveCfg = Debug|Any CPU
		{ef8918f7-a731-40f3-f5e8-93fd912caff9}.Debug|Any CPU.Build.0 = Debug|Any CPU
		{53de1c36-128c-3d89-3c45-d0939099d780}.Debug|Any CPU.ActiveCfg = Debug|Any CPU
		{53de1c36-128c-3d89-3c45-d0939099d780}.Debug|Any CPU.Build.0 = Debug|Any CPU
		{294ef0cd-54ea-2640-12e9-9534186e3a19}.Debug|Any CPU.ActiveCfg = Debug|Any CPU
		{294ef0cd-54ea-2640-12e9-9534186e3a19}.Debug|Any CPU.Build.0 = Debug|Any CPU
	EndGlobalSection
	GlobalSection(SolutionProperties) = preSolution
		HideSolutionNode = FALSE
	EndGlobalSection
EndGlobal
